
Microsoft Visual Studio Solution File, Format Version 12.00
# Visual Studio Version 17
VisualStudioVersion = 17.4.33103.184
MinimumVisualStudioVersion = 10.0.40219.1
Project("{8BC9CEB8-8B4A-11D0-8D11-00A0C91BC942}") = "home_work_2", "home_work_2.vcxproj", "{DBD88FD8-23F0-4C87-B8D6-C799D12FD5F8}"
EndProject
Global
	GlobalSection(SolutionConfigurationPlatforms) = preSolution
		Debug|x64 = Debug|x64
		Debug|x86 = Debug|x86
		Release|x64 = Release|x64
		Release|x86 = Release|x86
	EndGlobalSection
	GlobalSection(ProjectConfigurationPlatforms) = postSolution
		{DBD88FD8-23F0-4C87-B8D6-C799D12FD5F8}.Debug|x64.ActiveCfg = Debug|x64
		{DBD88FD8-23F0-4C87-B8D6-C799D12FD5F8}.Debug|x64.Build.0 = Debug|x64
		{DBD88FD8-23F0-4C87-B8D6-C799D12FD5F8}.Debug|x86.ActiveCfg = Debug|Win32
		{DBD88FD8-23F0-4C87-B8D6-C799D12FD5F8}.Debug|x86.Build.0 = Debug|Win32
		{DBD88FD8-23F0-4C87-B8D6-C799D12FD5F8}.Release|x64.ActiveCfg = Release|x64
		{DBD88FD8-23F0-4C87-B8D6-C799D12FD5F8}.Release|x64.Build.0 = Release|x64
		{DBD88FD8-23F0-4C87-B8D6-C799D12FD5F8}.Release|x86.ActiveCfg = Release|Win32
		{DBD88FD8-23F0-4C87-B8D6-C799D12FD5F8}.Release|x86.Build.0 = Release|Win32
	EndGlobalSection
	GlobalSection(SolutionProperties) = preSolution
		HideSolutionNode = FALSE
	EndGlobalSection
	GlobalSection(ExtensibilityGlobals) = postSolution
		SolutionGuid = {AFC52819-34E8-4F94-A0F0-C5AD691200D0}
	EndGlobalSection
EndGlobal
